
Microsoft Visual Studio Solution File, Format Version 12.00
# Visual Studio Version 17
VisualStudioVersion = 17.3.32929.385
MinimumVisualStudioVersion = 10.0.40219.1
Project("{FAE04EC0-301F-11D3-BF4B-00C04F79EFBC}") = "URL2HTML", "URL2HTML\URL2HTML.csproj", "{7158161A-680D-4691-8224-2D9C3B65A474}"
EndProject
Global
	GlobalSection(SolutionConfigurationPlatforms) = preSolution
		Debug|Any CPU = Debug|Any CPU
		Release|Any CPU = Release|Any CPU
	EndGlobalSection
	GlobalSection(ProjectConfigurationPlatforms) = postSolution
		{7158161A-680D-4691-8224-2D9C3B65A474}.Debug|Any CPU.ActiveCfg = Debug|Any CPU
		{7158161A-680D-4691-8224-2D9C3B65A474}.Debug|Any CPU.Build.0 = Debug|Any CPU
		{7158161A-680D-4691-8224-2D9C3B65A474}.Release|Any CPU.ActiveCfg = Release|Any CPU
		{7158161A-680D-4691-8224-2D9C3B65A474}.Release|Any CPU.Build.0 = Release|Any CPU
	EndGlobalSection
	GlobalSection(SolutionProperties) = preSolution
		HideSolutionNode = FALSE
	EndGlobalSection
	GlobalSection(ExtensibilityGlobals) = postSolution
		SolutionGuid = {A4D7BF9C-B3CE-450A-B947-2561C7B88EEC}
	EndGlobalSection
EndGlobal
